// !$*UTF8*$!
{
	archiveVersion = 1;
	classes = {
	};
	objectVersion = 50;
	objects = {

/* Begin PBXBuildFile section */
		C5682DA02481E9CB003C92AC /* AppDelegate.swift in Sources */ = {isa = PBXBuildFile; fileRef = C5682D9F2481E9CB003C92AC /* AppDelegate.swift */; };
		C5682DA22481E9CB003C92AC /* SceneDelegate.swift in Sources */ = {isa = PBXBuildFile; fileRef = C5682DA12481E9CB003C92AC /* SceneDelegate.swift */; };
		C5682DA42481E9CB003C92AC /* ViewController.swift in Sources */ = {isa = PBXBuildFile; fileRef = C5682DA32481E9CB003C92AC /* ViewController.swift */; };
		C5682DA72481E9CB003C92AC /* Main.storyboard in Resources */ = {isa = PBXBuildFile; fileRef = C5682DA52481E9CB003C92AC /* Main.storyboard */; };
		C5682DA92481E9D5003C92AC /* Assets.xcassets in Resources */ = {isa = PBXBuildFile; fileRef = C5682DA82481E9D5003C92AC /* Assets.xcassets */; };
		C5682DAC2481E9D5003C92AC /* LaunchScreen.storyboard in Resources */ = {isa = PBXBuildFile; fileRef = C5682DAA2481E9D5003C92AC /* LaunchScreen.storyboard */; };
		C5682DB62481EA13003C92AC /* CustomButton.swift in Sources */ = {isa = PBXBuildFile; fileRef = C5682DB52481EA13003C92AC /* CustomButton.swift */; };
		C5682DB82481EE08003C92AC /* CustomView.swift in Sources */ = {isa = PBXBuildFile; fileRef = C5682DB72481EE08003C92AC /* CustomView.swift */; };
		C5682DBA2482024A003C92AC /* CustomImageView.swift in Sources */ = {isa = PBXBuildFile; fileRef = C5682DB92482024A003C92AC /* CustomImageView.swift */; };
/* End PBXBuildFile section */

/* Begin PBXFileReference section */
		C5682D9C2481E9CB003C92AC /* CustomButton.app */ = {isa = PBXFileReference; explicitFileType = wrapper.application; includeInIndex = 0; path = CustomButton.app; sourceTree = BUILT_PRODUCTS_DIR; };
		C5682D9F2481E9CB003C92AC /* AppDelegate.swift */ = {isa = PBXFileReference; lastKnownFileType = sourcecode.swift; path = AppDelegate.swift; sourceTree = "<group>"; };
		C5682DA12481E9CB003C92AC /* SceneDelegate.swift */ = {isa = PBXFileReference; lastKnownFileType = sourcecode.swift; path = SceneDelegate.swift; sourceTree = "<group>"; };
		C5682DA32481E9CB003C92AC /* ViewController.swift */ = {isa = PBXFileReference; lastKnownFileType = sourcecode.swift; path = ViewController.swift; sourceTree = "<group>"; };
		C5682DA62481E9CB003C92AC /* Base */ = {isa = PBXFileReference; lastKnownFileType = file.storyboard; name = Base; path = Base.lproj/Main.storyboard; sourceTree = "<group>"; };
		C5682DA82481E9D5003C92AC /* Assets.xcassets */ = {isa = PBXFileReference; lastKnownFileType = folder.assetcatalog; path = Assets.xcassets; sourceTree = "<group>"; };
		C5682DAB2481E9D5003C92AC /* Base */ = {isa = PBXFileReference; lastKnownFileType = file.storyboard; name = Base; path = Base.lproj/LaunchScreen.storyboard; sourceTree = "<group>"; };
		C5682DAD2481E9D5003C92AC /* Info.plist */ = {isa = PBXFileReference; lastKnownFileType = text.plist.xml; path = Info.plist; sourceTree = "<group>"; };
		C5682DB52481EA13003C92AC /* CustomButton.swift */ = {isa = PBXFileReference; lastKnownFileType = sourcecode.swift; path = CustomButton.swift; sourceTree = "<group>"; };
		C5682DB72481EE08003C92AC /* CustomView.swift */ = {isa = PBXFileReference; lastKnownFileType = sourcecode.swift; path = CustomView.swift; sourceTree = "<group>"; };
		C5682DB92482024A003C92AC /* CustomImageView.swift */ = {isa = PBXFileReference; lastKnownFileType = sourcecode.swift; path = CustomImageView.swift; sourceTree = "<group>"; };
/* End PBXFileReference section */

/* Begin PBXFrameworksBuildPhase section */
		C5682D992481E9CB003C92AC /* Frameworks */ = {
			isa = PBXFrameworksBuildPhase;
			buildActionMask = 2147483647;
			files = (
			);
			runOnlyForDeploymentPostprocessing = 0;
		};
/* End PBXFrameworksBuildPhase section */

/* Begin PBXGroup section */
		C5682D932481E9CB003C92AC = {
			isa = PBXGroup;
			children = (
				C5682D9E2481E9CB003C92AC /* CustomButton */,
				C5682D9D2481E9CB003C92AC /* Products */,
			);
			sourceTree = "<group>";
		};
		C5682D9D2481E9CB003C92AC /* Products */ = {
			isa = PBXGroup;
			children = (
				C5682D9C2481E9CB003C92AC /* CustomButton.app */,
			);
			name = Products;
			sourceTree = "<group>";
		};
		C5682D9E2481E9CB003C92AC /* CustomButton */ = {
			isa = PBXGroup;
			children = (
				C5682D9F2481E9CB003C92AC /* AppDelegate.swift */,
				C5682DA12481E9CB003C92AC /* SceneDelegate.swift */,
				C5682DA32481E9CB003C92AC /* ViewController.swift */,
				C5682DA52481E9CB003C92AC /* Main.storyboard */,
				C5682DA82481E9D5003C92AC /* Assets.xcassets */,
				C5682DAA2481E9D5003C92AC /* LaunchScreen.storyboard */,
				C5682DAD2481E9D5003C92AC /* Info.plist */,
				C5682DBB2482025B003C92AC /* Views */,
			);
			path = CustomButton;
			sourceTree = "<group>";
		};
		C5682DBB2482025B003C92AC /* Views */ = {
			isa = PBXGroup;
			children = (
				C5682DB52481EA13003C92AC /* CustomButton.swift */,
				C5682DB72481EE08003C92AC /* CustomView.swift */,
				C5682DB92482024A003C92AC /* CustomImageView.swift */,
			);
			path = Views;
			sourceTree = "<group>";
		};
/* End PBXGroup section */

/* Begin PBXNativeTarget section */
		C5682D9B2481E9CB003C92AC /* CustomButton */ = {
			isa = PBXNativeTarget;
			buildConfigurationList = C5682DB02481E9D5003C92AC /* Build configuration list for PBXNativeTarget "CustomButton" */;
			buildPhases = (
				C5682D982481E9CB003C92AC /* Sources */,
				C5682D992481E9CB003C92AC /* Frameworks */,
				C5682D9A2481E9CB003C92AC /* Resources */,
			);
			buildRules = (
			);
			dependencies = (
			);
			name = CustomButton;
			productName = CustomButton;
			productReference = C5682D9C2481E9CB003C92AC /* CustomButton.app */;
			productType = "com.apple.product-type.application";
		};
/* End PBXNativeTarget section */

/* Begin PBXProject section */
		C5682D942481E9CB003C92AC /* Project object */ = {
			isa = PBXProject;
			attributes = {
				LastSwiftUpdateCheck = 1150;
				LastUpgradeCheck = 1150;
				ORGANIZATIONNAME = "Naoki Kameyama";
				TargetAttributes = {
					C5682D9B2481E9CB003C92AC = {
						CreatedOnToolsVersion = 11.5;
					};
				};
			};
			buildConfigurationList = C5682D972481E9CB003C92AC /* Build configuration list for PBXProject "CustomButton" */;
			compatibilityVersion = "Xcode 9.3";
			developmentRegion = en;
			hasScannedForEncodings = 0;
			knownRegions = (
				en,
				Base,
			);
			mainGroup = C5682D932481E9CB003C92AC;
			productRefGroup = C5682D9D2481E9CB003C92AC /* Products */;
			projectDirPath = "";
			projectRoot = "";
			targets = (
				C5682D9B2481E9CB003C92AC /* CustomButton */,
			);
		};
/* End PBXProject section */

/* Begin PBXResourcesBuildPhase section */
		C5682D9A2481E9CB003C92AC /* Resources */ = {
			isa = PBXResourcesBuildPhase;
			buildActionMask = 2147483647;
			files = (
				C5682DAC2481E9D5003C92AC /* LaunchScreen.storyboard in Resources */,
				C5682DA92481E9D5003C92AC /* Assets.xcassets in Resources */,
				C5682DA72481E9CB003C92AC /* Main.storyboard in Resources */,
			);
			runOnlyForDeploymentPostprocessing = 0;
		};
/* End PBXResourcesBuildPhase section */

/* Begin PBXSourcesBuildPhase section */
		C5682D982481E9CB003C92AC /* Sources */ = {
			isa = PBXSourcesBuildPhase;
			buildActionMask = 2147483647;
			files = (
				C5682DB82481EE08003C92AC /* CustomView.swift in Sources */,
				C5682DBA2482024A003C92AC /* CustomImageView.swift in Sources */,
				C5682DB62481EA13003C92AC /* CustomButton.swift in Sources */,
				C5682DA42481E9CB003C92AC /* ViewController.swift in Sources */,
				C5682DA02481E9CB003C92AC /* AppDelegate.swift in Sources */,
				C5682DA22481E9CB003C92AC /* SceneDelegate.swift in Sources */,
			);
			runOnlyForDeploymentPostprocessing = 0;
		};
/* End PBXSourcesBuildPhase section */

/* Begin PBXVariantGroup section */
		C5682DA52481E9CB003C92AC /* Main.storyboard */ = {
			isa = PBXVariantGroup;
			children = (
				C5682DA62481E9CB003C92AC /* Base */,
			);
			name = Main.storyboard;
			sourceTree = "<group>";
		};
		C5682DAA2481E9D5003C92AC /* LaunchScreen.storyboard */ = {
			isa = PBXVariantGroup;
			children = (
				C5682DAB2481E9D5003C92AC /* Base */,
			);
			name = LaunchScreen.storyboard;
			sourceTree = "<group>";
		};
/* End PBXVariantGroup section */

/* Begin XCBuildConfiguration section */
		C5682DAE2481E9D5003C92AC /* Debug */ = {
			isa = XCBuildConfiguration;
			buildSettings = {
				ALWAYS_SEARCH_USER_PATHS = NO;
				CLANG_ANALYZER_NONNULL = YES;
				CLANG_ANALYZER_NUMBER_OBJECT_CONVERSION = YES_AGGRESSIVE;
				CLANG_CXX_LANGUAGE_STANDARD = "gnu++14";
				CLANG_CXX_LIBRARY = "libc++";
				CLANG_ENABLE_MODULES = YES;
				CLANG_ENABLE_OBJC_ARC = YES;
				CLANG_ENABLE_OBJC_WEAK = YES;
				CLANG_WARN_BLOCK_CAPTURE_AUTORELEASING = YES;
				CLANG_WARN_BOOL_CONVERSION = YES;
				CLANG_WARN_COMMA = YES;
				CLANG_WARN_CONSTANT_CONVERSION = YES;
				CLANG_WARN_DEPRECATED_OBJC_IMPLEMENTATIONS = YES;
				CLANG_WARN_DIRECT_OBJC_ISA_USAGE = YES_ERROR;
				CLANG_WARN_DOCUMENTATION_COMMENTS = YES;
				CLANG_WARN_EMPTY_BODY = YES;
				CLANG_WARN_ENUM_CONVERSION = YES;
				CLANG_WARN_INFINITE_RECURSION = YES;
				CLANG_WARN_INT_CONVERSION = YES;
				CLANG_WARN_NON_LITERAL_NULL_CONVERSION = YES;
				CLANG_WARN_OBJC_IMPLICIT_RETAIN_SELF = YES;
				CLANG_WARN_OBJC_LITERAL_CONVERSION = YES;
				CLANG_WARN_OBJC_ROOT_CLASS = YES_ERROR;
				CLANG_WARN_RANGE_LOOP_ANALYSIS = YES;
				CLANG_WARN_STRICT_PROTOTYPES = YES;
				CLANG_WARN_SUSPICIOUS_MOVE = YES;
				CLANG_WARN_UNGUARDED_AVAILABILITY = YES_AGGRESSIVE;
				CLANG_WARN_UNREACHABLE_CODE = YES;
				CLANG_WARN__DUPLICATE_METHOD_MATCH = YES;
				COPY_PHASE_STRIP = NO;
				DEBUG_INFORMATION_FORMAT = dwarf;
				ENABLE_STRICT_OBJC_MSGSEND = YES;
				ENABLE_TESTABILITY = YES;
				GCC_C_LANGUAGE_STANDARD = gnu11;
				GCC_DYNAMIC_NO_PIC = NO;
				GCC_NO_COMMON_BLOCKS = YES;
				GCC_OPTIMIZATION_LEVEL = 0;
				GCC_PREPROCESSOR_DEFINITIONS = (
					"DEBUG=1",
					"$(inherited)",
				);
				GCC_WARN_64_TO_32_BIT_CONVERSION = YES;
				GCC_WARN_ABOUT_RETURN_TYPE = YES_ERROR;
				GCC_WARN_UNDECLARED_SELECTOR = YES;
				GCC_WARN_UNINITIALIZED_AUTOS = YES_AGGRESSIVE;
				GCC_WARN_UNUSED_FUNCTION = YES;
				GCC_WARN_UNUSED_VARIABLE = YES;
				IPHONEOS_DEPLOYMENT_TARGET = 13.5;
				MTL_ENABLE_DEBUG_INFO = INCLUDE_SOURCE;
				MTL_FAST_MATH = YES;
				ONLY_ACTIVE_ARCH = YES;
				SDKROOT = iphoneos;
				SWIFT_ACTIVE_COMPILATION_CONDITIONS = DEBUG;
				SWIFT_OPTIMIZATION_LEVEL = "-Onone";
			};
			name = Debug;
		};
		C5682DAF2481E9D5003C92AC /* Release */ = {
			isa = XCBuildConfiguration;
			buildSettings = {
				ALWAYS_SEARCH_USER_PATHS = NO;
				CLANG_ANALYZER_NONNULL = YES;
				CLANG_ANALYZER_NUMBER_OBJECT_CONVERSION = YES_AGGRESSIVE;
				CLANG_CXX_LANGUAGE_STANDARD = "gnu++14";
				CLANG_CXX_LIBRARY = "libc++";
				CLANG_ENABLE_MODULES = YES;
				CLANG_ENABLE_OBJC_ARC = YES;
				CLANG_ENABLE_OBJC_WEAK = YES;
				CLANG_WARN_BLOCK_CAPTURE_AUTORELEASING = YES;
				CLANG_WARN_BOOL_CONVERSION = YES;
				CLANG_WARN_COMMA = YES;
				CLANG_WARN_CONSTANT_CONVERSION = YES;
				CLANG_WARN_DEPRECATED_OBJC_IMPLEMENTATIONS = YES;
				CLANG_WARN_DIRECT_OBJC_ISA_USAGE = YES_ERROR;
				CLANG_WARN_DOCUMENTATION_COMMENTS = YES;
				CLANG_WARN_EMPTY_BODY = YES;
				CLANG_WARN_ENUM_CONVERSION = YES;
				CLANG_WARN_INFINITE_RECURSION = YES;
				CLANG_WARN_INT_CONVERSION = YES;
				CLANG_WARN_NON_LITERAL_NULL_CONVERSION = YES;
				CLANG_WARN_OBJC_IMPLICIT_RETAIN_SELF = YES;
				CLANG_WARN_OBJC_LITERAL_CONVERSION = YES;
				CLANG_WARN_OBJC_ROOT_CLASS = YES_ERROR;
				CLANG_WARN_RANGE_LOOP_ANALYSIS = YES;
				CLANG_WARN_STRICT_PROTOTYPES = YES;
				CLANG_WARN_SUSPICIOUS_MOVE = YES;
				CLANG_WARN_UNGUARDED_AVAILABILITY = YES_AGGRESSIVE;
				CLANG_WARN_UNREACHABLE_CODE = YES;
				CLANG_WARN__DUPLICATE_METHOD_MATCH = YES;
				COPY_PHASE_STRIP = NO;
				DEBUG_INFORMATION_FORMAT = "dwarf-with-dsym";
				ENABLE_NS_ASSERTIONS = NO;
				ENABLE_STRICT_OBJC_MSGSEND = YES;
				GCC_C_LANGUAGE_STANDARD = gnu11;
				GCC_NO_COMMON_BLOCKS = YES;
				GCC_WARN_64_TO_32_BIT_CONVERSION = YES;
				GCC_WARN_ABOUT_RETURN_TYPE = YES_ERROR;
				GCC_WARN_UNDECLARED_SELECTOR = YES;
				GCC_WARN_UNINITIALIZED_AUTOS = YES_AGGRESSIVE;
				GCC_WARN_UNUSED_FUNCTION = YES;
				GCC_WARN_UNUSED_VARIABLE = YES;
				IPHONEOS_DEPLOYMENT_TARGET = 13.5;
				MTL_ENABLE_DEBUG_INFO = NO;
				MTL_FAST_MATH = YES;
				SDKROOT = iphoneos;
				SWIFT_COMPILATION_MODE = wholemodule;
				SWIFT_OPTIMIZATION_LEVEL = "-O";
				VALIDATE_PRODUCT = YES;
			};
			name = Release;
		};
		C5682DB12481E9D5003C92AC /* Debug */ = {
			isa = XCBuildConfiguration;
			buildSettings = {
				ASSETCATALOG_COMPILER_APPICON_NAME = AppIcon;
				CODE_SIGN_STYLE = Automatic;
				DEVELOPMENT_TEAM = D8H2B9686D;
				INFOPLIST_FILE = CustomButton/Info.plist;
				LD_RUNPATH_SEARCH_PATHS = (
					"$(inherited)",
					"@executable_path/Frameworks",
				);
				PRODUCT_BUNDLE_IDENTIFIER = com.comeYummy.CustomButton;
				PRODUCT_NAME = "$(TARGET_NAME)";
				SWIFT_VERSION = 5.0;
				TARGETED_DEVICE_FAMILY = "1,2";
			};
			name = Debug;
		};
		C5682DB22481E9D5003C92AC /* Release */ = {
			isa = XCBuildConfiguration;
			buildSettings = {
				ASSETCATALOG_COMPILER_APPICON_NAME = AppIcon;
				CODE_SIGN_STYLE = Automatic;
				DEVELOPMENT_TEAM = D8H2B9686D;
				INFOPLIST_FILE = CustomButton/Info.plist;
				LD_RUNPATH_SEARCH_PATHS = (
					"$(inherited)",
					"@executable_path/Frameworks",
				);
				PRODUCT_BUNDLE_IDENTIFIER = com.comeYummy.CustomButton;
				PRODUCT_NAME = "$(TARGET_NAME)";
				SWIFT_VERSION = 5.0;
				TARGETED_DEVICE_FAMILY = "1,2";
			};
			name = Release;
		};
/* End XCBuildConfiguration section */

/* Begin XCConfigurationList section */
		C5682D972481E9CB003C92AC /* Build configuration list for PBXProject "CustomButton" */ = {
			isa = XCConfigurationList;
			buildConfigurations = (
				C5682DAE2481E9D5003C92AC /* Debug */,
				C5682DAF2481E9D5003C92AC /* Release */,
			);
			defaultConfigurationIsVisible = 0;
			defaultConfigurationName = Release;
		};
		C5682DB02481E9D5003C92AC /* Build configuration list for PBXNativeTarget "CustomButton" */ = {
			isa = XCConfigurationList;
			buildConfigurations = (
				C5682DB12481E9D5003C92AC /* Debug */,
				C5682DB22481E9D5003C92AC /* Release */,
			);
			defaultConfigurationIsVisible = 0;
			defaultConfigurationName = Release;
		};
/* End XCConfigurationList section */
	};
	rootObject = C5682D942481E9CB003C92AC /* Project object */;
}
